
Microsoft Visual Studio Solution File, Format Version 12.00
# Visual Studio 14
VisualStudioVersion = 14.0.25420.1
MinimumVisualStudioVersion = 10.0.40219.1
Project("{FAE04EC0-301F-11D3-BF4B-00C04F79EFBC}") = "Statistic", "Statistic\Statistic.csproj", "{8288912A-9689-4834-AE69-876F56466CBF}"
EndProject
Project("{FAE04EC0-301F-11D3-BF4B-00C04F79EFBC}") = "WebUI", "WebUI\WebUI.csproj", "{5AEFD249-E611-42AE-85ED-81E43EDB2EB1}"
EndProject
Project("{FAE04EC0-301F-11D3-BF4B-00C04F79EFBC}") = "Model", "Model\Model.csproj", "{8EAB0AD4-A652-4B4E-BCFA-E84687EE40B7}"
EndProject
Project("{FAE04EC0-301F-11D3-BF4B-00C04F79EFBC}") = "StatisticService", "StatisticService\StatisticService.csproj", "{B66ECA6D-8F70-4ED3-9501-FC86EA2F8B7D}"
EndProject
Global
	GlobalSection(SolutionConfigurationPlatforms) = preSolution
		Debug|Any CPU = Debug|Any CPU
		Release|Any CPU = Release|Any CPU
	EndGlobalSection
	GlobalSection(ProjectConfigurationPlatforms) = postSolution
		{8288912A-9689-4834-AE69-876F56466CBF}.Debug|Any CPU.ActiveCfg = Debug|Any CPU
		{8288912A-9689-4834-AE69-876F56466CBF}.Debug|Any CPU.Build.0 = Debug|Any CPU
		{8288912A-9689-4834-AE69-876F56466CBF}.Release|Any CPU.ActiveCfg = Release|Any CPU
		{8288912A-9689-4834-AE69-876F56466CBF}.Release|Any CPU.Build.0 = Release|Any CPU
		{5AEFD249-E611-42AE-85ED-81E43EDB2EB1}.Debug|Any CPU.ActiveCfg = Debug|Any CPU
		{5AEFD249-E611-42AE-85ED-81E43EDB2EB1}.Debug|Any CPU.Build.0 = Debug|Any CPU
		{5AEFD249-E611-42AE-85ED-81E43EDB2EB1}.Release|Any CPU.ActiveCfg = Release|Any CPU
		{5AEFD249-E611-42AE-85ED-81E43EDB2EB1}.Release|Any CPU.Build.0 = Release|Any CPU
		{8EAB0AD4-A652-4B4E-BCFA-E84687EE40B7}.Debug|Any CPU.ActiveCfg = Debug|Any CPU
		{8EAB0AD4-A652-4B4E-BCFA-E84687EE40B7}.Debug|Any CPU.Build.0 = Debug|Any CPU
		{8EAB0AD4-A652-4B4E-BCFA-E84687EE40B7}.Release|Any CPU.ActiveCfg = Release|Any CPU
		{8EAB0AD4-A652-4B4E-BCFA-E84687EE40B7}.Release|Any CPU.Build.0 = Release|Any CPU
		{B66ECA6D-8F70-4ED3-9501-FC86EA2F8B7D}.Debug|Any CPU.ActiveCfg = Debug|Any CPU
		{B66ECA6D-8F70-4ED3-9501-FC86EA2F8B7D}.Debug|Any CPU.Build.0 = Debug|Any CPU
		{B66ECA6D-8F70-4ED3-9501-FC86EA2F8B7D}.Release|Any CPU.ActiveCfg = Release|Any CPU
		{B66ECA6D-8F70-4ED3-9501-FC86EA2F8B7D}.Release|Any CPU.Build.0 = Release|Any CPU
	EndGlobalSection
	GlobalSection(SolutionProperties) = preSolution
		HideSolutionNode = FALSE
	EndGlobalSection
EndGlobal
